// !$*UTF8*$!
{
	archiveVersion = 1;
	classes = {
	};
	objectVersion = 56;
	objects = {

/* Begin PBXBuildFile section */
		793104D22B7B62F500A5D973 /* CalendarView.swift in Sources */ = {isa = PBXBuildFile; fileRef = 793104D12B7B62F500A5D973 /* CalendarView.swift */; };
		793104D42B7B63B000A5D973 /* CalendarStore.swift in Sources */ = {isa = PBXBuildFile; fileRef = 793104D32B7B63B000A5D973 /* CalendarStore.swift */; };
		796E7F1A2B7CBAFC0036D194 /* CalendarScroll.swift in Sources */ = {isa = PBXBuildFile; fileRef = 796E7F192B7CBAFC0036D194 /* CalendarScroll.swift */; };
		79F707CF2B7CEF3400A16ADD /* View + DragGesture.swift in Sources */ = {isa = PBXBuildFile; fileRef = 79F707CE2B7CEF3400A16ADD /* View + DragGesture.swift */; };
		79F707D22B7D69F300A16ADD /* CalendarConfigs.swift in Sources */ = {isa = PBXBuildFile; fileRef = 79F707D12B7D69F300A16ADD /* CalendarConfigs.swift */; };
		79F707D42B7D6A2900A16ADD /* CalendarDragGesture.swift in Sources */ = {isa = PBXBuildFile; fileRef = 79F707D32B7D6A2900A16ADD /* CalendarDragGesture.swift */; };
		AD29F90A2B0525B20017327F /* Timeline.swift in Sources */ = {isa = PBXBuildFile; fileRef = AD29F9092B0525B20017327F /* Timeline.swift */; };
		AD36B4542B053FA60048763A /* Day.swift in Sources */ = {isa = PBXBuildFile; fileRef = AD36B4532B053FA50048763A /* Day.swift */; };
		AD36B4592B053FCB0048763A /* Date+Extensions.swift in Sources */ = {isa = PBXBuildFile; fileRef = AD36B4582B053FCB0048763A /* Date+Extensions.swift */; };
		ADC9CB8C2B012BBE007A81A5 /* CustomScrollAnimationApp.swift in Sources */ = {isa = PBXBuildFile; fileRef = ADC9CB8B2B012BBE007A81A5 /* CustomScrollAnimationApp.swift */; };
		ADC9CB8E2B012BBE007A81A5 /* ContentView.swift in Sources */ = {isa = PBXBuildFile; fileRef = ADC9CB8D2B012BBE007A81A5 /* ContentView.swift */; };
		ADC9CB902B012BBF007A81A5 /* Assets.xcassets in Resources */ = {isa = PBXBuildFile; fileRef = ADC9CB8F2B012BBF007A81A5 /* Assets.xcassets */; };
		ADC9CB942B012BBF007A81A5 /* Preview Assets.xcassets in Resources */ = {isa = PBXBuildFile; fileRef = ADC9CB932B012BBF007A81A5 /* Preview Assets.xcassets */; };
/* End PBXBuildFile section */

/* Begin PBXFileReference section */
		793104D12B7B62F500A5D973 /* CalendarView.swift */ = {isa = PBXFileReference; lastKnownFileType = sourcecode.swift; path = CalendarView.swift; sourceTree = "<group>"; };
		793104D32B7B63B000A5D973 /* CalendarStore.swift */ = {isa = PBXFileReference; lastKnownFileType = sourcecode.swift; path = CalendarStore.swift; sourceTree = "<group>"; };
		796E7F192B7CBAFC0036D194 /* CalendarScroll.swift */ = {isa = PBXFileReference; lastKnownFileType = sourcecode.swift; path = CalendarScroll.swift; sourceTree = "<group>"; };
		79F707CE2B7CEF3400A16ADD /* View + DragGesture.swift */ = {isa = PBXFileReference; lastKnownFileType = sourcecode.swift; path = "View + DragGesture.swift"; sourceTree = "<group>"; };
		79F707D12B7D69F300A16ADD /* CalendarConfigs.swift */ = {isa = PBXFileReference; lastKnownFileType = sourcecode.swift; path = CalendarConfigs.swift; sourceTree = "<group>"; };
		79F707D32B7D6A2900A16ADD /* CalendarDragGesture.swift */ = {isa = PBXFileReference; lastKnownFileType = sourcecode.swift; path = CalendarDragGesture.swift; sourceTree = "<group>"; };
		AD29F9092B0525B20017327F /* Timeline.swift */ = {isa = PBXFileReference; lastKnownFileType = sourcecode.swift; path = Timeline.swift; sourceTree = "<group>"; };
		AD36B4532B053FA50048763A /* Day.swift */ = {isa = PBXFileReference; lastKnownFileType = sourcecode.swift; path = Day.swift; sourceTree = "<group>"; };
		AD36B4582B053FCB0048763A /* Date+Extensions.swift */ = {isa = PBXFileReference; lastKnownFileType = sourcecode.swift; path = "Date+Extensions.swift"; sourceTree = "<group>"; };
		ADC9CB882B012BBE007A81A5 /* CustomScrollAnimation.app */ = {isa = PBXFileReference; explicitFileType = wrapper.application; includeInIndex = 0; path = CustomScrollAnimation.app; sourceTree = BUILT_PRODUCTS_DIR; };
		ADC9CB8B2B012BBE007A81A5 /* CustomScrollAnimationApp.swift */ = {isa = PBXFileReference; lastKnownFileType = sourcecode.swift; path = CustomScrollAnimationApp.swift; sourceTree = "<group>"; };
		ADC9CB8D2B012BBE007A81A5 /* ContentView.swift */ = {isa = PBXFileReference; lastKnownFileType = sourcecode.swift; path = ContentView.swift; sourceTree = "<group>"; };
		ADC9CB8F2B012BBF007A81A5 /* Assets.xcassets */ = {isa = PBXFileReference; lastKnownFileType = folder.assetcatalog; path = Assets.xcassets; sourceTree = "<group>"; };
		ADC9CB912B012BBF007A81A5 /* CustomScrollAnimation.entitlements */ = {isa = PBXFileReference; lastKnownFileType = text.plist.entitlements; path = CustomScrollAnimation.entitlements; sourceTree = "<group>"; };
		ADC9CB932B012BBF007A81A5 /* Preview Assets.xcassets */ = {isa = PBXFileReference; lastKnownFileType = folder.assetcatalog; path = "Preview Assets.xcassets"; sourceTree = "<group>"; };
/* End PBXFileReference section */

/* Begin PBXFrameworksBuildPhase section */
		ADC9CB852B012BBE007A81A5 /* Frameworks */ = {
			isa = PBXFrameworksBuildPhase;
			buildActionMask = 2147483647;
			files = (
			);
			runOnlyForDeploymentPostprocessing = 0;
		};
/* End PBXFrameworksBuildPhase section */

/* Begin PBXGroup section */
		79F707D02B7D69E300A16ADD /* Calendar */ = {
			isa = PBXGroup;
			children = (
				79F707D12B7D69F300A16ADD /* CalendarConfigs.swift */,
				79F707D32B7D6A2900A16ADD /* CalendarDragGesture.swift */,
			);
			path = Calendar;
			sourceTree = "<group>";
		};
		AD29F9072B0525A80017327F /* Model */ = {
			isa = PBXGroup;
			children = (
				AD36B4532B053FA50048763A /* Day.swift */,
				793104D32B7B63B000A5D973 /* CalendarStore.swift */,
			);
			path = Model;
			sourceTree = "<group>";
		};
		AD29F9082B0525AD0017327F /* View */ = {
			isa = PBXGroup;
			children = (
				AD29F9092B0525B20017327F /* Timeline.swift */,
				793104D12B7B62F500A5D973 /* CalendarView.swift */,
				796E7F192B7CBAFC0036D194 /* CalendarScroll.swift */,
			);
			path = View;
			sourceTree = "<group>";
		};
		AD36B4552B053FB10048763A /* Helpers */ = {
			isa = PBXGroup;
			children = (
				AD36B4582B053FCB0048763A /* Date+Extensions.swift */,
				79F707CE2B7CEF3400A16ADD /* View + DragGesture.swift */,
			);
			path = Helpers;
			sourceTree = "<group>";
		};
		ADC9CB7F2B012BBE007A81A5 = {
			isa = PBXGroup;
			children = (
				ADC9CB8A2B012BBE007A81A5 /* CustomScrollAnimation */,
				ADC9CB892B012BBE007A81A5 /* Products */,
			);
			sourceTree = "<group>";
		};
		ADC9CB892B012BBE007A81A5 /* Products */ = {
			isa = PBXGroup;
			children = (
				ADC9CB882B012BBE007A81A5 /* CustomScrollAnimation.app */,
			);
			name = Products;
			sourceTree = "<group>";
		};
		ADC9CB8A2B012BBE007A81A5 /* CustomScrollAnimation */ = {
			isa = PBXGroup;
			children = (
				79F707D02B7D69E300A16ADD /* Calendar */,
				AD36B4552B053FB10048763A /* Helpers */,
				AD29F9082B0525AD0017327F /* View */,
				AD29F9072B0525A80017327F /* Model */,
				ADC9CB8B2B012BBE007A81A5 /* CustomScrollAnimationApp.swift */,
				ADC9CB8D2B012BBE007A81A5 /* ContentView.swift */,
				ADC9CB8F2B012BBF007A81A5 /* Assets.xcassets */,
				ADC9CB912B012BBF007A81A5 /* CustomScrollAnimation.entitlements */,
				ADC9CB922B012BBF007A81A5 /* Preview Content */,
			);
			path = CustomScrollAnimation;
			sourceTree = "<group>";
		};
		ADC9CB922B012BBF007A81A5 /* Preview Content */ = {
			isa = PBXGroup;
			children = (
				ADC9CB932B012BBF007A81A5 /* Preview Assets.xcassets */,
			);
			path = "Preview Content";
			sourceTree = "<group>";
		};
/* End PBXGroup section */

/* Begin PBXNativeTarget section */
		ADC9CB872B012BBE007A81A5 /* CustomScrollAnimation */ = {
			isa = PBXNativeTarget;
			buildConfigurationList = ADC9CB972B012BBF007A81A5 /* Build configuration list for PBXNativeTarget "CustomScrollAnimation" */;
			buildPhases = (
				ADC9CB842B012BBE007A81A5 /* Sources */,
				ADC9CB852B012BBE007A81A5 /* Frameworks */,
				ADC9CB862B012BBE007A81A5 /* Resources */,
			);
			buildRules = (
			);
			dependencies = (
			);
			name = CustomScrollAnimation;
			productName = CustomScrollAnimation;
			productReference = ADC9CB882B012BBE007A81A5 /* CustomScrollAnimation.app */;
			productType = "com.apple.product-type.application";
		};
/* End PBXNativeTarget section */

/* Begin PBXProject section */
		ADC9CB802B012BBE007A81A5 /* Project object */ = {
			isa = PBXProject;
			attributes = {
				BuildIndependentTargetsInParallel = 1;
				LastSwiftUpdateCheck = 1500;
				LastUpgradeCheck = 1500;
				TargetAttributes = {
					ADC9CB872B012BBE007A81A5 = {
						CreatedOnToolsVersion = 15.0.1;
					};
				};
			};
			buildConfigurationList = ADC9CB832B012BBE007A81A5 /* Build configuration list for PBXProject "CustomScrollAnimation" */;
			compatibilityVersion = "Xcode 14.0";
			developmentRegion = en;
			hasScannedForEncodings = 0;
			knownRegions = (
				en,
				Base,
			);
			mainGroup = ADC9CB7F2B012BBE007A81A5;
			productRefGroup = ADC9CB892B012BBE007A81A5 /* Products */;
			projectDirPath = "";
			projectRoot = "";
			targets = (
				ADC9CB872B012BBE007A81A5 /* CustomScrollAnimation */,
			);
		};
/* End PBXProject section */

/* Begin PBXResourcesBuildPhase section */
		ADC9CB862B012BBE007A81A5 /* Resources */ = {
			isa = PBXResourcesBuildPhase;
			buildActionMask = 2147483647;
			files = (
				ADC9CB942B012BBF007A81A5 /* Preview Assets.xcassets in Resources */,
				ADC9CB902B012BBF007A81A5 /* Assets.xcassets in Resources */,
			);
			runOnlyForDeploymentPostprocessing = 0;
		};
/* End PBXResourcesBuildPhase section */

/* Begin PBXSourcesBuildPhase section */
		ADC9CB842B012BBE007A81A5 /* Sources */ = {
			isa = PBXSourcesBuildPhase;
			buildActionMask = 2147483647;
			files = (
				796E7F1A2B7CBAFC0036D194 /* CalendarScroll.swift in Sources */,
				ADC9CB8E2B012BBE007A81A5 /* ContentView.swift in Sources */,
				79F707CF2B7CEF3400A16ADD /* View + DragGesture.swift in Sources */,
				79F707D42B7D6A2900A16ADD /* CalendarDragGesture.swift in Sources */,
				793104D22B7B62F500A5D973 /* CalendarView.swift in Sources */,
				AD29F90A2B0525B20017327F /* Timeline.swift in Sources */,
				AD36B4542B053FA60048763A /* Day.swift in Sources */,
				793104D42B7B63B000A5D973 /* CalendarStore.swift in Sources */,
				79F707D22B7D69F300A16ADD /* CalendarConfigs.swift in Sources */,
				ADC9CB8C2B012BBE007A81A5 /* CustomScrollAnimationApp.swift in Sources */,
				AD36B4592B053FCB0048763A /* Date+Extensions.swift in Sources */,
			);
			runOnlyForDeploymentPostprocessing = 0;
		};
/* End PBXSourcesBuildPhase section */

/* Begin XCBuildConfiguration section */
		ADC9CB952B012BBF007A81A5 /* Debug */ = {
			isa = XCBuildConfiguration;
			buildSettings = {
				ALWAYS_SEARCH_USER_PATHS = NO;
				ASSETCATALOG_COMPILER_GENERATE_SWIFT_ASSET_SYMBOL_EXTENSIONS = YES;
				CLANG_ANALYZER_NONNULL = YES;
				CLANG_ANALYZER_NUMBER_OBJECT_CONVERSION = YES_AGGRESSIVE;
				CLANG_CXX_LANGUAGE_STANDARD = "gnu++20";
				CLANG_ENABLE_MODULES = YES;
				CLANG_ENABLE_OBJC_ARC = YES;
				CLANG_ENABLE_OBJC_WEAK = YES;
				CLANG_WARN_BLOCK_CAPTURE_AUTORELEASING = YES;
				CLANG_WARN_BOOL_CONVERSION = YES;
				CLANG_WARN_COMMA = YES;
				CLANG_WARN_CONSTANT_CONVERSION = YES;
				CLANG_WARN_DEPRECATED_OBJC_IMPLEMENTATIONS = YES;
				CLANG_WARN_DIRECT_OBJC_ISA_USAGE = YES_ERROR;
				CLANG_WARN_DOCUMENTATION_COMMENTS = YES;
				CLANG_WARN_EMPTY_BODY = YES;
				CLANG_WARN_ENUM_CONVERSION = YES;
				CLANG_WARN_INFINITE_RECURSION = YES;
				CLANG_WARN_INT_CONVERSION = YES;
				CLANG_WARN_NON_LITERAL_NULL_CONVERSION = YES;
				CLANG_WARN_OBJC_IMPLICIT_RETAIN_SELF = YES;
				CLANG_WARN_OBJC_LITERAL_CONVERSION = YES;
				CLANG_WARN_OBJC_ROOT_CLASS = YES_ERROR;
				CLANG_WARN_QUOTED_INCLUDE_IN_FRAMEWORK_HEADER = YES;
				CLANG_WARN_RANGE_LOOP_ANALYSIS = YES;
				CLANG_WARN_STRICT_PROTOTYPES = YES;
				CLANG_WARN_SUSPICIOUS_MOVE = YES;
				CLANG_WARN_UNGUARDED_AVAILABILITY = YES_AGGRESSIVE;
				CLANG_WARN_UNREACHABLE_CODE = YES;
				CLANG_WARN__DUPLICATE_METHOD_MATCH = YES;
				COPY_PHASE_STRIP = NO;
				DEBUG_INFORMATION_FORMAT = dwarf;
				ENABLE_STRICT_OBJC_MSGSEND = YES;
				ENABLE_TESTABILITY = YES;
				ENABLE_USER_SCRIPT_SANDBOXING = YES;
				GCC_C_LANGUAGE_STANDARD = gnu17;
				GCC_DYNAMIC_NO_PIC = NO;
				GCC_NO_COMMON_BLOCKS = YES;
				GCC_OPTIMIZATION_LEVEL = 0;
				GCC_PREPROCESSOR_DEFINITIONS = (
					"DEBUG=1",
					"$(inherited)",
				);
				GCC_WARN_64_TO_32_BIT_CONVERSION = YES;
				GCC_WARN_ABOUT_RETURN_TYPE = YES_ERROR;
				GCC_WARN_UNDECLARED_SELECTOR = YES;
				GCC_WARN_UNINITIALIZED_AUTOS = YES_AGGRESSIVE;
				GCC_WARN_UNUSED_FUNCTION = YES;
				GCC_WARN_UNUSED_VARIABLE = YES;
				LOCALIZATION_PREFERS_STRING_CATALOGS = YES;
				MTL_ENABLE_DEBUG_INFO = INCLUDE_SOURCE;
				MTL_FAST_MATH = YES;
				ONLY_ACTIVE_ARCH = YES;
				SWIFT_ACTIVE_COMPILATION_CONDITIONS = "DEBUG $(inherited)";
				SWIFT_OPTIMIZATION_LEVEL = "-Onone";
			};
			name = Debug;
		};
		ADC9CB962B012BBF007A81A5 /* Release */ = {
			isa = XCBuildConfiguration;
			buildSettings = {
				ALWAYS_SEARCH_USER_PATHS = NO;
				ASSETCATALOG_COMPILER_GENERATE_SWIFT_ASSET_SYMBOL_EXTENSIONS = YES;
				CLANG_ANALYZER_NONNULL = YES;
				CLANG_ANALYZER_NUMBER_OBJECT_CONVERSION = YES_AGGRESSIVE;
				CLANG_CXX_LANGUAGE_STANDARD = "gnu++20";
				CLANG_ENABLE_MODULES = YES;
				CLANG_ENABLE_OBJC_ARC = YES;
				CLANG_ENABLE_OBJC_WEAK = YES;
				CLANG_WARN_BLOCK_CAPTURE_AUTORELEASING = YES;
				CLANG_WARN_BOOL_CONVERSION = YES;
				CLANG_WARN_COMMA = YES;
				CLANG_WARN_CONSTANT_CONVERSION = YES;
				CLANG_WARN_DEPRECATED_OBJC_IMPLEMENTATIONS = YES;
				CLANG_WARN_DIRECT_OBJC_ISA_USAGE = YES_ERROR;
				CLANG_WARN_DOCUMENTATION_COMMENTS = YES;
				CLANG_WARN_EMPTY_BODY = YES;
				CLANG_WARN_ENUM_CONVERSION = YES;
				CLANG_WARN_INFINITE_RECURSION = YES;
				CLANG_WARN_INT_CONVERSION = YES;
				CLANG_WARN_NON_LITERAL_NULL_CONVERSION = YES;
				CLANG_WARN_OBJC_IMPLICIT_RETAIN_SELF = YES;
				CLANG_WARN_OBJC_LITERAL_CONVERSION = YES;
				CLANG_WARN_OBJC_ROOT_CLASS = YES_ERROR;
				CLANG_WARN_QUOTED_INCLUDE_IN_FRAMEWORK_HEADER = YES;
				CLANG_WARN_RANGE_LOOP_ANALYSIS = YES;
				CLANG_WARN_STRICT_PROTOTYPES = YES;
				CLANG_WARN_SUSPICIOUS_MOVE = YES;
				CLANG_WARN_UNGUARDED_AVAILABILITY = YES_AGGRESSIVE;
				CLANG_WARN_UNREACHABLE_CODE = YES;
				CLANG_WARN__DUPLICATE_METHOD_MATCH = YES;
				COPY_PHASE_STRIP = NO;
				DEBUG_INFORMATION_FORMAT = "dwarf-with-dsym";
				ENABLE_NS_ASSERTIONS = NO;
				ENABLE_STRICT_OBJC_MSGSEND = YES;
				ENABLE_USER_SCRIPT_SANDBOXING = YES;
				GCC_C_LANGUAGE_STANDARD = gnu17;
				GCC_NO_COMMON_BLOCKS = YES;
				GCC_WARN_64_TO_32_BIT_CONVERSION = YES;
				GCC_WARN_ABOUT_RETURN_TYPE = YES_ERROR;
				GCC_WARN_UNDECLARED_SELECTOR = YES;
				GCC_WARN_UNINITIALIZED_AUTOS = YES_AGGRESSIVE;
				GCC_WARN_UNUSED_FUNCTION = YES;
				GCC_WARN_UNUSED_VARIABLE = YES;
				LOCALIZATION_PREFERS_STRING_CATALOGS = YES;
				MTL_ENABLE_DEBUG_INFO = NO;
				MTL_FAST_MATH = YES;
				SWIFT_COMPILATION_MODE = wholemodule;
			};
			name = Release;
		};
		ADC9CB982B012BBF007A81A5 /* Debug */ = {
			isa = XCBuildConfiguration;
			buildSettings = {
				ASSETCATALOG_COMPILER_APPICON_NAME = AppIcon;
				ASSETCATALOG_COMPILER_GLOBAL_ACCENT_COLOR_NAME = AccentColor;
				CODE_SIGN_ENTITLEMENTS = CustomScrollAnimation/CustomScrollAnimation.entitlements;
				CODE_SIGN_STYLE = Automatic;
				CURRENT_PROJECT_VERSION = 1;
				DEVELOPMENT_ASSET_PATHS = "\"CustomScrollAnimation/Preview Content\"";
				DEVELOPMENT_TEAM = QA6B2J6365;
				ENABLE_PREVIEWS = YES;
				GENERATE_INFOPLIST_FILE = YES;
				"INFOPLIST_KEY_UIApplicationSceneManifest_Generation[sdk=iphoneos*]" = YES;
				"INFOPLIST_KEY_UIApplicationSceneManifest_Generation[sdk=iphonesimulator*]" = YES;
				"INFOPLIST_KEY_UIApplicationSupportsIndirectInputEvents[sdk=iphoneos*]" = YES;
				"INFOPLIST_KEY_UIApplicationSupportsIndirectInputEvents[sdk=iphonesimulator*]" = YES;
				"INFOPLIST_KEY_UILaunchScreen_Generation[sdk=iphoneos*]" = YES;
				"INFOPLIST_KEY_UILaunchScreen_Generation[sdk=iphonesimulator*]" = YES;
				"INFOPLIST_KEY_UIStatusBarStyle[sdk=iphoneos*]" = UIStatusBarStyleDefault;
				"INFOPLIST_KEY_UIStatusBarStyle[sdk=iphonesimulator*]" = UIStatusBarStyleDefault;
				INFOPLIST_KEY_UISupportedInterfaceOrientations_iPad = "UIInterfaceOrientationPortrait UIInterfaceOrientationPortraitUpsideDown UIInterfaceOrientationLandscapeLeft UIInterfaceOrientationLandscapeRight";
				INFOPLIST_KEY_UISupportedInterfaceOrientations_iPhone = "UIInterfaceOrientationPortrait UIInterfaceOrientationLandscapeLeft UIInterfaceOrientationLandscapeRight";
				IPHONEOS_DEPLOYMENT_TARGET = 17.0;
				LD_RUNPATH_SEARCH_PATHS = "@executable_path/Frameworks";
				"LD_RUNPATH_SEARCH_PATHS[sdk=macosx*]" = "@executable_path/../Frameworks";
				MACOSX_DEPLOYMENT_TARGET = 14.0;
				MARKETING_VERSION = 1.0;
				PRODUCT_BUNDLE_IDENTIFIER = com.stabb.splitview;
				PRODUCT_NAME = "$(TARGET_NAME)";
				SDKROOT = auto;
				SUPPORTED_PLATFORMS = "iphoneos iphonesimulator";
				SUPPORTS_MACCATALYST = NO;
				SWIFT_EMIT_LOC_STRINGS = YES;
				SWIFT_VERSION = 5.0;
				TARGETED_DEVICE_FAMILY = 1;
			};
			name = Debug;
		};
		ADC9CB992B012BBF007A81A5 /* Release */ = {
			isa = XCBuildConfiguration;
			buildSettings = {
				ASSETCATALOG_COMPILER_APPICON_NAME = AppIcon;
				ASSETCATALOG_COMPILER_GLOBAL_ACCENT_COLOR_NAME = AccentColor;
				CODE_SIGN_ENTITLEMENTS = CustomScrollAnimation/CustomScrollAnimation.entitlements;
				CODE_SIGN_STYLE = Automatic;
				CURRENT_PROJECT_VERSION = 1;
				DEVELOPMENT_ASSET_PATHS = "\"CustomScrollAnimation/Preview Content\"";
				DEVELOPMENT_TEAM = QA6B2J6365;
				ENABLE_PREVIEWS = YES;
				GENERATE_INFOPLIST_FILE = YES;
				"INFOPLIST_KEY_UIApplicationSceneManifest_Generation[sdk=iphoneos*]" = YES;
				"INFOPLIST_KEY_UIApplicationSceneManifest_Generation[sdk=iphonesimulator*]" = YES;
				"INFOPLIST_KEY_UIApplicationSupportsIndirectInputEvents[sdk=iphoneos*]" = YES;
				"INFOPLIST_KEY_UIApplicationSupportsIndirectInputEvents[sdk=iphonesimulator*]" = YES;
				"INFOPLIST_KEY_UILaunchScreen_Generation[sdk=iphoneos*]" = YES;
				"INFOPLIST_KEY_UILaunchScreen_Generation[sdk=iphonesimulator*]" = YES;
				"INFOPLIST_KEY_UIStatusBarStyle[sdk=iphoneos*]" = UIStatusBarStyleDefault;
				"INFOPLIST_KEY_UIStatusBarStyle[sdk=iphonesimulator*]" = UIStatusBarStyleDefault;
				INFOPLIST_KEY_UISupportedInterfaceOrientations_iPad = "UIInterfaceOrientationPortrait UIInterfaceOrientationPortraitUpsideDown UIInterfaceOrientationLandscapeLeft UIInterfaceOrientationLandscapeRight";
				INFOPLIST_KEY_UISupportedInterfaceOrientations_iPhone = "UIInterfaceOrientationPortrait UIInterfaceOrientationLandscapeLeft UIInterfaceOrientationLandscapeRight";
				IPHONEOS_DEPLOYMENT_TARGET = 17.0;
				LD_RUNPATH_SEARCH_PATHS = "@executable_path/Frameworks";
				"LD_RUNPATH_SEARCH_PATHS[sdk=macosx*]" = "@executable_path/../Frameworks";
				MACOSX_DEPLOYMENT_TARGET = 14.0;
				MARKETING_VERSION = 1.0;
				PRODUCT_BUNDLE_IDENTIFIER = com.stabb.splitview;
				PRODUCT_NAME = "$(TARGET_NAME)";
				SDKROOT = auto;
				SUPPORTED_PLATFORMS = "iphoneos iphonesimulator";
				SUPPORTS_MACCATALYST = NO;
				SWIFT_EMIT_LOC_STRINGS = YES;
				SWIFT_VERSION = 5.0;
				TARGETED_DEVICE_FAMILY = 1;
			};
			name = Release;
		};
/* End XCBuildConfiguration section */

/* Begin XCConfigurationList section */
		ADC9CB832B012BBE007A81A5 /* Build configuration list for PBXProject "CustomScrollAnimation" */ = {
			isa = XCConfigurationList;
			buildConfigurations = (
				ADC9CB952B012BBF007A81A5 /* Debug */,
				ADC9CB962B012BBF007A81A5 /* Release */,
			);
			defaultConfigurationIsVisible = 0;
			defaultConfigurationName = Release;
		};
		ADC9CB972B012BBF007A81A5 /* Build configuration list for PBXNativeTarget "CustomScrollAnimation" */ = {
			isa = XCConfigurationList;
			buildConfigurations = (
				ADC9CB982B012BBF007A81A5 /* Debug */,
				ADC9CB992B012BBF007A81A5 /* Release */,
			);
			defaultConfigurationIsVisible = 0;
			defaultConfigurationName = Release;
		};
/* End XCConfigurationList section */
	};
	rootObject = ADC9CB802B012BBE007A81A5 /* Project object */;
}
